
Microsoft Visual Studio Solution File, Format Version 12.00
# Visual Studio 15
VisualStudioVersion = 15.0.26228.12
MinimumVisualStudioVersion = 10.0.40219.1
Project("{FAE04EC0-301F-11D3-BF4B-00C04F79EFBC}") = "K2Field.K2NE.ServiceBroker", "K2Field.K2NE.ServiceBroker\K2Field.K2NE.ServiceBroker.csproj", "{5D45A104-69BD-4B55-A255-9BCC629D62DF}"
EndProject
Project("{2150E333-8FDC-42A3-9474-1A3956D46DE8}") = "Solution Files", "Solution Files", "{4017A511-A69A-4E60-AF25-4584045583A9}"
	ProjectSection(SolutionItems) = preProject
		Solution Files\key.snk = Solution Files\key.snk
		README.md = README.md
		Solution Files\UpdateBuildNr.ps1 = Solution Files\UpdateBuildNr.ps1
	EndProjectSection
EndProject
Project("{2150E333-8FDC-42A3-9474-1A3956D46DE8}") = "Documentation", "Documentation", "{E9C2E02B-FB7A-49D5-A540-0404B7C69DA9}"
	ProjectSection(SolutionItems) = preProject
		Documentation\ADOSMOQuery.adoc = Documentation\ADOSMOQuery.adoc
		Documentation\ADOSMOQuery.SampleQueries.xml = Documentation\ADOSMOQuery.SampleQueries.xml
		Documentation\ChangeLog.adoc = Documentation\ChangeLog.adoc
		Documentation\ClientAPI.adoc = Documentation\ClientAPI.adoc
		Documentation\K2NEServiceBroker.adoc = Documentation\K2NEServiceBroker.adoc
		LICENSE.txt = LICENSE.txt
		Documentation\ManagementAPI.adoc = Documentation\ManagementAPI.adoc
		PowerShell.adoc = PowerShell.adoc
		URM.adoc = URM.adoc
	EndProjectSection
EndProject
Project("{2150E333-8FDC-42A3-9474-1A3956D46DE8}") = "Installer", "Installer", "{08DF0BF4-1924-40FE-B909-7B3A985F3C12}"
	ProjectSection(SolutionItems) = preProject
		Installer\Install.ps1 = Installer\Install.ps1
	EndProjectSection
EndProject
Project("{FAE04EC0-301F-11D3-BF4B-00C04F79EFBC}") = "K2Field.K2NE.ServiceBroker.ITest", "K2Field.K2NE.ServiceBroker\Tests\ITest\K2Field.K2NE.ServiceBroker.ITest.csproj", "{02348883-7DB4-4A1E-9BAF-FDB7239709BE}"
EndProject
Global
	GlobalSection(SolutionConfigurationPlatforms) = preSolution
		Debug|Any CPU = Debug|Any CPU
		Release|Any CPU = Release|Any CPU
	EndGlobalSection
	GlobalSection(ProjectConfigurationPlatforms) = postSolution
		{5D45A104-69BD-4B55-A255-9BCC629D62DF}.Debug|Any CPU.ActiveCfg = Debug|Any CPU
		{5D45A104-69BD-4B55-A255-9BCC629D62DF}.Debug|Any CPU.Build.0 = Debug|Any CPU
		{5D45A104-69BD-4B55-A255-9BCC629D62DF}.Release|Any CPU.ActiveCfg = Release|Any CPU
		{5D45A104-69BD-4B55-A255-9BCC629D62DF}.Release|Any CPU.Build.0 = Release|Any CPU
		{02348883-7DB4-4A1E-9BAF-FDB7239709BE}.Debug|Any CPU.ActiveCfg = Debug|Any CPU
		{02348883-7DB4-4A1E-9BAF-FDB7239709BE}.Debug|Any CPU.Build.0 = Debug|Any CPU
		{02348883-7DB4-4A1E-9BAF-FDB7239709BE}.Release|Any CPU.ActiveCfg = Release|Any CPU
		{02348883-7DB4-4A1E-9BAF-FDB7239709BE}.Release|Any CPU.Build.0 = Release|Any CPU
	EndGlobalSection
	GlobalSection(SolutionProperties) = preSolution
		HideSolutionNode = FALSE
	EndGlobalSection
EndGlobal
